
Microsoft Visual Studio Solution File, Format Version 12.00
# Visual Studio 15
VisualStudioVersion = 15.0.28307.2017
MinimumVisualStudioVersion = 10.0.40219.1
Project("{FAE04EC0-301F-11D3-BF4B-00C04F79EFBC}") = "ArchProject", "ArchProject\ArchProject.csproj", "{E6B53D2C-EAFC-4CF5-8082-51468060F16A}"
EndProject
Project("{FAE04EC0-301F-11D3-BF4B-00C04F79EFBC}") = "ArchProject.Tests", "ArchProject.Tests\ArchProject.Tests.csproj", "{AB450B5E-C5AB-4A67-BE29-4044CB4A6A61}"
EndProject
Project("{FAE04EC0-301F-11D3-BF4B-00C04F79EFBC}") = "ArchProject.Models", "ArchProject.Models\ArchProject.Models.csproj", "{817F97EE-9D99-4AE7-8E80-17EA4502D6C6}"
EndProject
Project("{FAE04EC0-301F-11D3-BF4B-00C04F79EFBC}") = "ArchProject.Repository", "ArchProject.Repository\ArchProject.Repository.csproj", "{848C1546-1F2B-47E6-AB5A-357D0E2AE3F0}"
EndProject
Project("{FAE04EC0-301F-11D3-BF4B-00C04F79EFBC}") = "ArchProject.Service", "ArchProject.Service\ArchProject.Service.csproj", "{32AB0DAE-1D48-454C-B105-6571F3C49D60}"
EndProject
Global
	GlobalSection(SolutionConfigurationPlatforms) = preSolution
		Debug|Any CPU = Debug|Any CPU
		Release|Any CPU = Release|Any CPU
	EndGlobalSection
	GlobalSection(ProjectConfigurationPlatforms) = postSolution
		{E6B53D2C-EAFC-4CF5-8082-51468060F16A}.Debug|Any CPU.ActiveCfg = Debug|Any CPU
		{E6B53D2C-EAFC-4CF5-8082-51468060F16A}.Debug|Any CPU.Build.0 = Debug|Any CPU
		{E6B53D2C-EAFC-4CF5-8082-51468060F16A}.Release|Any CPU.ActiveCfg = Release|Any CPU
		{E6B53D2C-EAFC-4CF5-8082-51468060F16A}.Release|Any CPU.Build.0 = Release|Any CPU
		{AB450B5E-C5AB-4A67-BE29-4044CB4A6A61}.Debug|Any CPU.ActiveCfg = Debug|Any CPU
		{AB450B5E-C5AB-4A67-BE29-4044CB4A6A61}.Debug|Any CPU.Build.0 = Debug|Any CPU
		{AB450B5E-C5AB-4A67-BE29-4044CB4A6A61}.Release|Any CPU.ActiveCfg = Release|Any CPU
		{AB450B5E-C5AB-4A67-BE29-4044CB4A6A61}.Release|Any CPU.Build.0 = Release|Any CPU
		{817F97EE-9D99-4AE7-8E80-17EA4502D6C6}.Debug|Any CPU.ActiveCfg = Debug|Any CPU
		{817F97EE-9D99-4AE7-8E80-17EA4502D6C6}.Debug|Any CPU.Build.0 = Debug|Any CPU
		{817F97EE-9D99-4AE7-8E80-17EA4502D6C6}.Release|Any CPU.ActiveCfg = Release|Any CPU
		{817F97EE-9D99-4AE7-8E80-17EA4502D6C6}.Release|Any CPU.Build.0 = Release|Any CPU
		{848C1546-1F2B-47E6-AB5A-357D0E2AE3F0}.Debug|Any CPU.ActiveCfg = Debug|Any CPU
		{848C1546-1F2B-47E6-AB5A-357D0E2AE3F0}.Debug|Any CPU.Build.0 = Debug|Any CPU
		{848C1546-1F2B-47E6-AB5A-357D0E2AE3F0}.Release|Any CPU.ActiveCfg = Release|Any CPU
		{848C1546-1F2B-47E6-AB5A-357D0E2AE3F0}.Release|Any CPU.Build.0 = Release|Any CPU
		{32AB0DAE-1D48-454C-B105-6571F3C49D60}.Debug|Any CPU.ActiveCfg = Debug|Any CPU
		{32AB0DAE-1D48-454C-B105-6571F3C49D60}.Debug|Any CPU.Build.0 = Debug|Any CPU
		{32AB0DAE-1D48-454C-B105-6571F3C49D60}.Release|Any CPU.ActiveCfg = Release|Any CPU
		{32AB0DAE-1D48-454C-B105-6571F3C49D60}.Release|Any CPU.Build.0 = Release|Any CPU
	EndGlobalSection
	GlobalSection(SolutionProperties) = preSolution
		HideSolutionNode = FALSE
	EndGlobalSection
	GlobalSection(ExtensibilityGlobals) = postSolution
		SolutionGuid = {A93B2E90-E5E4-4677-9387-2DBC20A25BBE}
	EndGlobalSection
EndGlobal
